
Microsoft Visual Studio Solution File, Format Version 12.00
# Visual Studio Version 17
VisualStudioVersion = 17.11.35327.3
MinimumVisualStudioVersion = 10.0.40219.1
Project("{FAE04EC0-301F-11D3-BF4B-00C04F79EFBC}") = "P3_2_714230001", "P3_2_714230001\P3_2_714230001.csproj", "{CC7808BE-CC6C-4908-BD98-792370B85268}"
EndProject
Global
	GlobalSection(SolutionConfigurationPlatforms) = preSolution
		Debug|Any CPU = Debug|Any CPU
		Release|Any CPU = Release|Any CPU
	EndGlobalSection
	GlobalSection(ProjectConfigurationPlatforms) = postSolution
		{CC7808BE-CC6C-4908-BD98-792370B85268}.Debug|Any CPU.ActiveCfg = Debug|Any CPU
		{CC7808BE-CC6C-4908-BD98-792370B85268}.Debug|Any CPU.Build.0 = Debug|Any CPU
		{CC7808BE-CC6C-4908-BD98-792370B85268}.Release|Any CPU.ActiveCfg = Release|Any CPU
		{CC7808BE-CC6C-4908-BD98-792370B85268}.Release|Any CPU.Build.0 = Release|Any CPU
	EndGlobalSection
	GlobalSection(SolutionProperties) = preSolution
		HideSolutionNode = FALSE
	EndGlobalSection
	GlobalSection(ExtensibilityGlobals) = postSolution
		SolutionGuid = {A6CBF49E-A02F-4C5F-BDFA-78F67B64A01E}
	EndGlobalSection
EndGlobal
