
Microsoft Visual Studio Solution File, Format Version 12.00
# Visual Studio Version 17
VisualStudioVersion = 17.11.35327.3
MinimumVisualStudioVersion = 10.0.40219.1
Project("{FAE04EC0-301F-11D3-BF4B-00C04F79EFBC}") = "P5_3_714230001", "P5_3_714230001\P5_3_714230001.csproj", "{66E5F975-23B0-4F9F-9F59-9CBE2ACACBC6}"
EndProject
Global
	GlobalSection(SolutionConfigurationPlatforms) = preSolution
		Debug|Any CPU = Debug|Any CPU
		Release|Any CPU = Release|Any CPU
	EndGlobalSection
	GlobalSection(ProjectConfigurationPlatforms) = postSolution
		{66E5F975-23B0-4F9F-9F59-9CBE2ACACBC6}.Debug|Any CPU.ActiveCfg = Debug|Any CPU
		{66E5F975-23B0-4F9F-9F59-9CBE2ACACBC6}.Debug|Any CPU.Build.0 = Debug|Any CPU
		{66E5F975-23B0-4F9F-9F59-9CBE2ACACBC6}.Release|Any CPU.ActiveCfg = Release|Any CPU
		{66E5F975-23B0-4F9F-9F59-9CBE2ACACBC6}.Release|Any CPU.Build.0 = Release|Any CPU
	EndGlobalSection
	GlobalSection(SolutionProperties) = preSolution
		HideSolutionNode = FALSE
	EndGlobalSection
	GlobalSection(ExtensibilityGlobals) = postSolution
		SolutionGuid = {02AA961E-14DD-4A4B-8B7A-DEC390C9E1F7}
	EndGlobalSection
EndGlobal
