
Microsoft Visual Studio Solution File, Format Version 12.00
# Visual Studio Version 17
VisualStudioVersion = 17.11.35327.3
MinimumVisualStudioVersion = 10.0.40219.1
Project("{FAE04EC0-301F-11D3-BF4B-00C04F79EFBC}") = "P5_4_714230001", "P5_4_714230001\P5_4_714230001.csproj", "{FAC66681-154C-4B9E-AE21-F0D2AF1F31EF}"
EndProject
Global
	GlobalSection(SolutionConfigurationPlatforms) = preSolution
		Debug|Any CPU = Debug|Any CPU
		Release|Any CPU = Release|Any CPU
	EndGlobalSection
	GlobalSection(ProjectConfigurationPlatforms) = postSolution
		{FAC66681-154C-4B9E-AE21-F0D2AF1F31EF}.Debug|Any CPU.ActiveCfg = Debug|Any CPU
		{FAC66681-154C-4B9E-AE21-F0D2AF1F31EF}.Debug|Any CPU.Build.0 = Debug|Any CPU
		{FAC66681-154C-4B9E-AE21-F0D2AF1F31EF}.Release|Any CPU.ActiveCfg = Release|Any CPU
		{FAC66681-154C-4B9E-AE21-F0D2AF1F31EF}.Release|Any CPU.Build.0 = Release|Any CPU
	EndGlobalSection
	GlobalSection(SolutionProperties) = preSolution
		HideSolutionNode = FALSE
	EndGlobalSection
	GlobalSection(ExtensibilityGlobals) = postSolution
		SolutionGuid = {7CA21690-6153-4D0F-8A36-B8B282C2757E}
	EndGlobalSection
EndGlobal
